
Microsoft Visual Studio Solution File, Format Version 12.00
# Visual Studio Version 17
VisualStudioVersion = 17.5.33627.172
MinimumVisualStudioVersion = 10.0.40219.1
Project("{FAE04EC0-301F-11D3-BF4B-00C04F79EFBC}") = "Desktop_B8", "Desktop_B8\Desktop_B8.csproj", "{DD6D3A50-CA0B-4658-970F-E6070C8382EF}"
EndProject
Global
	GlobalSection(SolutionConfigurationPlatforms) = preSolution
		Debug|Any CPU = Debug|Any CPU
		Release|Any CPU = Release|Any CPU
	EndGlobalSection
	GlobalSection(ProjectConfigurationPlatforms) = postSolution
		{DD6D3A50-CA0B-4658-970F-E6070C8382EF}.Debug|Any CPU.ActiveCfg = Debug|Any CPU
		{DD6D3A50-CA0B-4658-970F-E6070C8382EF}.Debug|Any CPU.Build.0 = Debug|Any CPU
		{DD6D3A50-CA0B-4658-970F-E6070C8382EF}.Release|Any CPU.ActiveCfg = Release|Any CPU
		{DD6D3A50-CA0B-4658-970F-E6070C8382EF}.Release|Any CPU.Build.0 = Release|Any CPU
	EndGlobalSection
	GlobalSection(SolutionProperties) = preSolution
		HideSolutionNode = FALSE
	EndGlobalSection
	GlobalSection(ExtensibilityGlobals) = postSolution
		SolutionGuid = {9178C2A7-144D-4F44-AA18-649407DE0071}
	EndGlobalSection
EndGlobal
